{
  "name": "codebase-dna-guardian",
  "version": "1.0.0",
  "lockfileVersion": 3,
  "requires": true,
  "packages": {
    "": {
      "name": "codebase-dna-guardian",
      "version": "1.0.0",
      "license": "MIT",
      "dependencies": {
        "codebase-dna-guardian": "^1.0.0"
      }
    },
    "node_modules/codebase-dna-guardian": {
      "version": "1.0.0",
      "resolved": "https://registry.npmjs.org/codebase-dna-guardian/-/codebase-dna-guardian-1.0.0.tgz",
      "integrity": "sha512-uUzbrk8ToH1Aj3mjQYjRjW654mfc4bXkSJCO3IQEzixyR44Xm6OqTevPz4tlov9NzU1r3I9Nx07Bn/4TXRatLg==",
      "license": "MIT"
    }
  }
}
